PODS:
  - IQKeyboardManagerSwift (6.5.9)
  - SVProgressHUD (2.2.5)

DEPENDENCIES:
  - IQKeyboardManagerSwift (= 6.5.9)
  - SVProgressHUD (= 2.2.5)

SPEC REPOS:
  trunk:
    - IQKeyboardManagerSwift
    - SVProgressHUD

SPEC CHECKSUMS:
  IQKeyboardManagerSwift: 6e839c575c4aa1078d58a596e41244e77abe918f
  SVProgressHUD: 1428aafac632c1f86f62aa4243ec12008d7a51d6

PODFILE CHECKSUM: 5a2f7d53b004447ca61055dcb419c4f3ac30f10a

COCOAPODS: 1.10.1
