PODS:
  - IQKeyboardManagerSwift (6.5.9)
  - SVProgressHUD (2.2.5)

DEPENDENCIES:
  - IQKeyboardManagerSwift
  - SVProgressHUD

SPEC REPOS:
  trunk:
    - IQKeyboardManagerSwift
    - SVProgressHUD

SPEC CHECKSUMS:
  IQKeyboardManagerSwift: 6e839c575c4aa1078d58a596e41244e77abe918f
  SVProgressHUD: 1428aafac632c1f86f62aa4243ec12008d7a51d6

PODFILE CHECKSUM: 0275179cea03245fda826ab0fb6ebd5b87fbe62c

COCOAPODS: 1.10.1
